
Microsoft Visual Studio Solution File, Format Version 12.00
# Visual Studio Version 17
VisualStudioVersion = 17.5.33530.505
MinimumVisualStudioVersion = 10.0.40219.1
Project("{FAE04EC0-301F-11D3-BF4B-00C04F79EFBC}") = "SpringChallange06042023", "SpringChallange06042023\SpringChallange06042023.csproj", "{B2A5F5F8-13F9-4408-AB6C-91D84A24700D}"
EndProject
Global
	GlobalSection(SolutionConfigurationPlatforms) = preSolution
		Debug|Any CPU = Debug|Any CPU
		Release|Any CPU = Release|Any CPU
	EndGlobalSection
	GlobalSection(ProjectConfigurationPlatforms) = postSolution
		{B2A5F5F8-13F9-4408-AB6C-91D84A24700D}.Debug|Any CPU.ActiveCfg = Debug|Any CPU
		{B2A5F5F8-13F9-4408-AB6C-91D84A24700D}.Debug|Any CPU.Build.0 = Debug|Any CPU
		{B2A5F5F8-13F9-4408-AB6C-91D84A24700D}.Release|Any CPU.ActiveCfg = Release|Any CPU
		{B2A5F5F8-13F9-4408-AB6C-91D84A24700D}.Release|Any CPU.Build.0 = Release|Any CPU
	EndGlobalSection
	GlobalSection(SolutionProperties) = preSolution
		HideSolutionNode = FALSE
	EndGlobalSection
	GlobalSection(ExtensibilityGlobals) = postSolution
		SolutionGuid = {DF029575-B64D-4A98-B509-516C4AB9A839}
	EndGlobalSection
EndGlobal
